Microsoft Visual Studio Solution File, Format Version 11.00
# Visual Studio 2008

Project("{A5D1C8FB-1934-1AD2-1413-F011432B08CB}") = "Where am I", "Assembly-CSharp-firstpass.csproj", "{FB7078DF-EAC4-1538-9A48-276A3A50D883}"
EndProject
Project("{A5D1C8FB-1934-1AD2-1413-F011432B08CB}") = "Where am I", "Assembly-CSharp.csproj", "{78CA9F15-C8B7-A76D-ACD0-F819B05C5888}"
EndProject
Project("{A5D1C8FB-1934-1AD2-1413-F011432B08CB}") = "Where am I", "Assembly-CSharp-Editor.csproj", "{D4385936-520A-E0B0-00A1-0AE72D05B443}"
EndProject
Project("{A5D1C8FB-1934-1AD2-1413-F011432B08CB}") = "Where am I", "Assembly-UnityScript-firstpass.unityproj", "{91E93522-5688-5965-051A-B3CF5EF29F9E}"
EndProject
Project("{A5D1C8FB-1934-1AD2-1413-F011432B08CB}") = "Where am I", "Assembly-UnityScript.unityproj", "{DF4F4793-6F9C-D824-ECFA-101C61F8DB74}"
EndProject
Project("{A5D1C8FB-1934-1AD2-1413-F011432B08CB}") = "Where am I", "Assembly-UnityScript-Editor.unityproj", "{7E0A5B66-6734-801C-B0DF-086DFACDFEC8}"
EndProject
Global
	GlobalSection(SolutionConfigurationPlatforms) = preSolution
		Debug|Any CPU = Debug|Any CPU
		Release|Any CPU = Release|Any CPU
	EndGlobalSection
	GlobalSection(ProjectConfigurationPlatforms) = postSolution
		{FB7078DF-EAC4-1538-9A48-276A3A50D883}.Debug|Any CPU.ActiveCfg = Debug|Any CPU
		{FB7078DF-EAC4-1538-9A48-276A3A50D883}.Debug|Any CPU.Build.0 = Debug|Any CPU
		{FB7078DF-EAC4-1538-9A48-276A3A50D883}.Release|Any CPU.ActiveCfg = Release|Any CPU
		{FB7078DF-EAC4-1538-9A48-276A3A50D883}.Release|Any CPU.Build.0 = Release|Any CPU
		{78CA9F15-C8B7-A76D-ACD0-F819B05C5888}.Debug|Any CPU.ActiveCfg = Debug|Any CPU
		{78CA9F15-C8B7-A76D-ACD0-F819B05C5888}.Debug|Any CPU.Build.0 = Debug|Any CPU
		{78CA9F15-C8B7-A76D-ACD0-F819B05C5888}.Release|Any CPU.ActiveCfg = Release|Any CPU
		{78CA9F15-C8B7-A76D-ACD0-F819B05C5888}.Release|Any CPU.Build.0 = Release|Any CPU
		{D4385936-520A-E0B0-00A1-0AE72D05B443}.Debug|Any CPU.ActiveCfg = Debug|Any CPU
		{D4385936-520A-E0B0-00A1-0AE72D05B443}.Debug|Any CPU.Build.0 = Debug|Any CPU
		{D4385936-520A-E0B0-00A1-0AE72D05B443}.Release|Any CPU.ActiveCfg = Release|Any CPU
		{D4385936-520A-E0B0-00A1-0AE72D05B443}.Release|Any CPU.Build.0 = Release|Any CPU
		{91E93522-5688-5965-051A-B3CF5EF29F9E}.Debug|Any CPU.ActiveCfg = Debug|Any CPU
		{91E93522-5688-5965-051A-B3CF5EF29F9E}.Debug|Any CPU.Build.0 = Debug|Any CPU
		{91E93522-5688-5965-051A-B3CF5EF29F9E}.Release|Any CPU.ActiveCfg = Release|Any CPU
		{91E93522-5688-5965-051A-B3CF5EF29F9E}.Release|Any CPU.Build.0 = Release|Any CPU
		{DF4F4793-6F9C-D824-ECFA-101C61F8DB74}.Debug|Any CPU.ActiveCfg = Debug|Any CPU
		{DF4F4793-6F9C-D824-ECFA-101C61F8DB74}.Debug|Any CPU.Build.0 = Debug|Any CPU
		{DF4F4793-6F9C-D824-ECFA-101C61F8DB74}.Release|Any CPU.ActiveCfg = Release|Any CPU
		{DF4F4793-6F9C-D824-ECFA-101C61F8DB74}.Release|Any CPU.Build.0 = Release|Any CPU
		{7E0A5B66-6734-801C-B0DF-086DFACDFEC8}.Debug|Any CPU.ActiveCfg = Debug|Any CPU
		{7E0A5B66-6734-801C-B0DF-086DFACDFEC8}.Debug|Any CPU.Build.0 = Debug|Any CPU
		{7E0A5B66-6734-801C-B0DF-086DFACDFEC8}.Release|Any CPU.ActiveCfg = Release|Any CPU
		{7E0A5B66-6734-801C-B0DF-086DFACDFEC8}.Release|Any CPU.Build.0 = Release|Any CPU
	EndGlobalSection
	GlobalSection(SolutionProperties) = preSolution
		HideSolutionNode = FALSE
	EndGlobalSection
		GlobalSection(MonoDevelopProperties) = preSolution
		StartupItem = Assembly-CSharp.csproj
		Policies = $0
		$0.TextStylePolicy = $1
		$1.inheritsSet = null
		$1.scope = text/x-csharp
		$0.CSharpFormattingPolicy = $2
		$2.inheritsSet = Mono
		$2.inheritsScope = text/x-csharp
		$2.scope = text/x-csharp
		$0.TextStylePolicy = $3
		$3.FileWidth = 120
		$3.TabWidth = 4
		$3.EolMarker = Unix
		$3.inheritsSet = Mono
		$3.inheritsScope = text/plain
		$3.scope = text/plain
	EndGlobalSection

EndGlobal
